{
  "name": "pebble-coin-price",
  "version": "0.1.0",
  "lockfileVersion": 3,
  "requires": true,
  "packages": {
    "": {
      "name": "pebble-coin-price",
      "version": "0.1.0",
      "dependencies": {
        "pebble-events": "^1.0.0"
      }
    },
    "node_modules/@rebble/linked-list": {
      "version": "1.5.1",
      "resolved": "https://registry.npmjs.org/@rebble/linked-list/-/linked-list-1.5.1.tgz",
      "integrity": "sha512-2LFdkLnf+xRyTs/SdId7i+4vGUj6IQjl/V2FNZ6OQuZsiWrVK9ukP+tcALICm6u9SOYuGNw9zKOCRNjZcNc76Q=="
    },
    "node_modules/pebble-events": {
      "version": "1.2.1",
      "resolved": "https://registry.npmjs.org/pebble-events/-/pebble-events-1.2.1.tgz",
      "integrity": "sha512-rbDISKvtemZIXGeCY8GYjXFHDnnA45pFwMxUZaXT9Zeh+OVkWuI9tYntlqrSC8iqchde8Z269L1UJ5oYnHTniQ==",
      "dependencies": {
        "@rebble/linked-list": "^1.5.1"
      }
    }
  }
}
